// !$*UTF8*$!
{
	archiveVersion = 1;
	classes = {
	};
	objectVersion = 50;
	objects = {

/* Begin PBXBuildFile section */
		143FB285231E665900C22FCF /* AppDelegate.m in Sources */ = {isa = PBXBuildFile; fileRef = 143FB284231E665900C22FCF /* AppDelegate.m */; };
		143FB288231E665900C22FCF /* ViewController.m in Sources */ = {isa = PBXBuildFile; fileRef = 143FB287231E665900C22FCF /* ViewController.m */; };
		143FB28B231E665900C22FCF /* Main.storyboard in Resources */ = {isa = PBXBuildFile; fileRef = 143FB289231E665900C22FCF /* Main.storyboard */; };
		143FB28D231E665A00C22FCF /* Assets.xcassets in Resources */ = {isa = PBXBuildFile; fileRef = 143FB28C231E665A00C22FCF /* Assets.xcassets */; };
		143FB290231E665A00C22FCF /* LaunchScreen.storyboard in Resources */ = {isa = PBXBuildFile; fileRef = 143FB28E231E665A00C22FCF /* LaunchScreen.storyboard */; };
		143FB293231E665A00C22FCF /* main.m in Sources */ = {isa = PBXBuildFile; fileRef = 143FB292231E665A00C22FCF /* main.m */; };
		143FB29C231E677600C22FCF /* Intents.framework in Frameworks */ = {isa = PBXBuildFile; fileRef = 143FB29B231E677600C22FCF /* Intents.framework */; };
/* End PBXBuildFile section */

/* Begin PBXFileReference section */
		143FB280231E665900C22FCF /* siruiShortcut.app */ = {isa = PBXFileReference; explicitFileType = wrapper.application; includeInIndex = 0; path = siruiShortcut.app; sourceTree = BUILT_PRODUCTS_DIR; };
		143FB283231E665900C22FCF /* AppDelegate.h */ = {isa = PBXFileReference; lastKnownFileType = sourcecode.c.h; path = AppDelegate.h; sourceTree = "<group>"; };
		143FB284231E665900C22FCF /* AppDelegate.m */ = {isa = PBXFileReference; lastKnownFileType = sourcecode.c.objc; path = AppDelegate.m; sourceTree = "<group>"; };
		143FB286231E665900C22FCF /* ViewController.h */ = {isa = PBXFileReference; lastKnownFileType = sourcecode.c.h; path = ViewController.h; sourceTree = "<group>"; };
		143FB287231E665900C22FCF /* ViewController.m */ = {isa = PBXFileReference; lastKnownFileType = sourcecode.c.objc; path = ViewController.m; sourceTree = "<group>"; };
		143FB28A231E665900C22FCF /* Base */ = {isa = PBXFileReference; lastKnownFileType = file.storyboard; name = Base; path = Base.lproj/Main.storyboard; sourceTree = "<group>"; };
		143FB28C231E665A00C22FCF /* Assets.xcassets */ = {isa = PBXFileReference; lastKnownFileType = folder.assetcatalog; path = Assets.xcassets; sourceTree = "<group>"; };
		143FB28F231E665A00C22FCF /* Base */ = {isa = PBXFileReference; lastKnownFileType = file.storyboard; name = Base; path = Base.lproj/LaunchScreen.storyboard; sourceTree = "<group>"; };
		143FB291231E665A00C22FCF /* Info.plist */ = {isa = PBXFileReference; lastKnownFileType = text.plist.xml; path = Info.plist; sourceTree = "<group>"; };
		143FB292231E665A00C22FCF /* main.m */ = {isa = PBXFileReference; lastKnownFileType = sourcecode.c.objc; path = main.m; sourceTree = "<group>"; };
		143FB299231E672D00C22FCF /* siruiShortcut.entitlements */ = {isa = PBXFileReference; lastKnownFileType = text.plist.entitlements; path = siruiShortcut.entitlements; sourceTree = "<group>"; };
		143FB29B231E677600C22FCF /* Intents.framework */ = {isa = PBXFileReference; lastKnownFileType = wrapper.framework; name = Intents.framework; path = System/Library/Frameworks/Intents.framework; sourceTree = SDKROOT; };
/* End PBXFileReference section */

/* Begin PBXFrameworksBuildPhase section */
		143FB27D231E665900C22FCF /* Frameworks */ = {
			isa = PBXFrameworksBuildPhase;
			buildActionMask = 2147483647;
			files = (
				143FB29C231E677600C22FCF /* Intents.framework in Frameworks */,
			);
			runOnlyForDeploymentPostprocessing = 0;
		};
/* End PBXFrameworksBuildPhase section */

/* Begin PBXGroup section */
		143FB277231E665900C22FCF = {
			isa = PBXGroup;
			children = (
				143FB282231E665900C22FCF /* siruiShortcut */,
				143FB281231E665900C22FCF /* Products */,
				143FB29A231E677600C22FCF /* Frameworks */,
			);
			sourceTree = "<group>";
		};
		143FB281231E665900C22FCF /* Products */ = {
			isa = PBXGroup;
			children = (
				143FB280231E665900C22FCF /* siruiShortcut.app */,
			);
			name = Products;
			sourceTree = "<group>";
		};
		143FB282231E665900C22FCF /* siruiShortcut */ = {
			isa = PBXGroup;
			children = (
				143FB299231E672D00C22FCF /* siruiShortcut.entitlements */,
				143FB283231E665900C22FCF /* AppDelegate.h */,
				143FB284231E665900C22FCF /* AppDelegate.m */,
				143FB286231E665900C22FCF /* ViewController.h */,
				143FB287231E665900C22FCF /* ViewController.m */,
				143FB289231E665900C22FCF /* Main.storyboard */,
				143FB28C231E665A00C22FCF /* Assets.xcassets */,
				143FB28E231E665A00C22FCF /* LaunchScreen.storyboard */,
				143FB291231E665A00C22FCF /* Info.plist */,
				143FB292231E665A00C22FCF /* main.m */,
			);
			path = siruiShortcut;
			sourceTree = "<group>";
		};
		143FB29A231E677600C22FCF /* Frameworks */ = {
			isa = PBXGroup;
			children = (
				143FB29B231E677600C22FCF /* Intents.framework */,
			);
			name = Frameworks;
			sourceTree = "<group>";
		};
/* End PBXGroup section */

/* Begin PBXNativeTarget section */
		143FB27F231E665900C22FCF /* siruiShortcut */ = {
			isa = PBXNativeTarget;
			buildConfigurationList = 143FB296231E665A00C22FCF /* Build configuration list for PBXNativeTarget "siruiShortcut" */;
			buildPhases = (
				143FB27C231E665900C22FCF /* Sources */,
				143FB27D231E665900C22FCF /* Frameworks */,
				143FB27E231E665900C22FCF /* Resources */,
			);
			buildRules = (
			);
			dependencies = (
			);
			name = siruiShortcut;
			productName = siruiShortcut;
			productReference = 143FB280231E665900C22FCF /* siruiShortcut.app */;
			productType = "com.apple.product-type.application";
		};
/* End PBXNativeTarget section */

/* Begin PBXProject section */
		143FB278231E665900C22FCF /* Project object */ = {
			isa = PBXProject;
			attributes = {
				LastUpgradeCheck = 1030;
				ORGANIZATIONNAME = yangrui;
				TargetAttributes = {
					143FB27F231E665900C22FCF = {
						CreatedOnToolsVersion = 10.3;
						SystemCapabilities = {
							com.apple.Siri = {
								enabled = 1;
							};
						};
					};
				};
			};
			buildConfigurationList = 143FB27B231E665900C22FCF /* Build configuration list for PBXProject "siruiShortcut" */;
			compatibilityVersion = "Xcode 9.3";
			developmentRegion = en;
			hasScannedForEncodings = 0;
			knownRegions = (
				en,
				Base,
			);
			mainGroup = 143FB277231E665900C22FCF;
			productRefGroup = 143FB281231E665900C22FCF /* Products */;
			projectDirPath = "";
			projectRoot = "";
			targets = (
				143FB27F231E665900C22FCF /* siruiShortcut */,
			);
		};
/* End PBXProject section */

/* Begin PBXResourcesBuildPhase section */
		143FB27E231E665900C22FCF /* Resources */ = {
			isa = PBXResourcesBuildPhase;
			buildActionMask = 2147483647;
			files = (
				143FB290231E665A00C22FCF /* LaunchScreen.storyboard in Resources */,
				143FB28D231E665A00C22FCF /* Assets.xcassets in Resources */,
				143FB28B231E665900C22FCF /* Main.storyboard in Resources */,
			);
			runOnlyForDeploymentPostprocessing = 0;
		};
/* End PBXResourcesBuildPhase section */

/* Begin PBXSourcesBuildPhase section */
		143FB27C231E665900C22FCF /* Sources */ = {
			isa = PBXSourcesBuildPhase;
			buildActionMask = 2147483647;
			files = (
				143FB288231E665900C22FCF /* ViewController.m in Sources */,
				143FB293231E665A00C22FCF /* main.m in Sources */,
				143FB285231E665900C22FCF /* AppDelegate.m in Sources */,
			);
			runOnlyForDeploymentPostprocessing = 0;
		};
/* End PBXSourcesBuildPhase section */

/* Begin PBXVariantGroup section */
		143FB289231E665900C22FCF /* Main.storyboard */ = {
			isa = PBXVariantGroup;
			children = (
				143FB28A231E665900C22FCF /* Base */,
			);
			name = Main.storyboard;
			sourceTree = "<group>";
		};
		143FB28E231E665A00C22FCF /* LaunchScreen.storyboard */ = {
			isa = PBXVariantGroup;
			children = (
				143FB28F231E665A00C22FCF /* Base */,
			);
			name = LaunchScreen.storyboard;
			sourceTree = "<group>";
		};
/* End PBXVariantGroup section */

/* Begin XCBuildConfiguration section */
		143FB294231E665A00C22FCF /* Debug */ = {
			isa = XCBuildConfiguration;
			buildSettings = {
				ALWAYS_SEARCH_USER_PATHS = NO;
				CLANG_ANALYZER_NONNULL = YES;
				CLANG_ANALYZER_NUMBER_OBJECT_CONVERSION = YES_AGGRESSIVE;
				CLANG_CXX_LANGUAGE_STANDARD = "gnu++14";
				CLANG_CXX_LIBRARY = "libc++";
				CLANG_ENABLE_MODULES = YES;
				CLANG_ENABLE_OBJC_ARC = YES;
				CLANG_ENABLE_OBJC_WEAK = YES;
				CLANG_WARN_BLOCK_CAPTURE_AUTORELEASING = YES;
				CLANG_WARN_BOOL_CONVERSION = YES;
				CLANG_WARN_COMMA = YES;
				CLANG_WARN_CONSTANT_CONVERSION = YES;
				CLANG_WARN_DEPRECATED_OBJC_IMPLEMENTATIONS = YES;
				CLANG_WARN_DIRECT_OBJC_ISA_USAGE = YES_ERROR;
				CLANG_WARN_DOCUMENTATION_COMMENTS = YES;
				CLANG_WARN_EMPTY_BODY = YES;
				CLANG_WARN_ENUM_CONVERSION = YES;
				CLANG_WARN_INFINITE_RECURSION = YES;
				CLANG_WARN_INT_CONVERSION = YES;
				CLANG_WARN_NON_LITERAL_NULL_CONVERSION = YES;
				CLANG_WARN_OBJC_IMPLICIT_RETAIN_SELF = YES;
				CLANG_WARN_OBJC_LITERAL_CONVERSION = YES;
				CLANG_WARN_OBJC_ROOT_CLASS = YES_ERROR;
				CLANG_WARN_RANGE_LOOP_ANALYSIS = YES;
				CLANG_WARN_STRICT_PROTOTYPES = YES;
				CLANG_WARN_SUSPICIOUS_MOVE = YES;
				CLANG_WARN_UNGUARDED_AVAILABILITY = YES_AGGRESSIVE;
				CLANG_WARN_UNREACHABLE_CODE = YES;
				CLANG_WARN__DUPLICATE_METHOD_MATCH = YES;
				CODE_SIGN_IDENTITY = "iPhone Developer";
				COPY_PHASE_STRIP = NO;
				DEBUG_INFORMATION_FORMAT = dwarf;
				ENABLE_STRICT_OBJC_MSGSEND = YES;
				ENABLE_TESTABILITY = YES;
				GCC_C_LANGUAGE_STANDARD = gnu11;
				GCC_DYNAMIC_NO_PIC = NO;
				GCC_NO_COMMON_BLOCKS = YES;
				GCC_OPTIMIZATION_LEVEL = 0;
				GCC_PREPROCESSOR_DEFINITIONS = (
					"DEBUG=1",
					"$(inherited)",
				);
				GCC_WARN_64_TO_32_BIT_CONVERSION = YES;
				GCC_WARN_ABOUT_RETURN_TYPE = YES_ERROR;
				GCC_WARN_UNDECLARED_SELECTOR = YES;
				GCC_WARN_UNINITIALIZED_AUTOS = YES_AGGRESSIVE;
				GCC_WARN_UNUSED_FUNCTION = YES;
				GCC_WARN_UNUSED_VARIABLE = YES;
				IPHONEOS_DEPLOYMENT_TARGET = 12.1;
				MTL_ENABLE_DEBUG_INFO = INCLUDE_SOURCE;
				MTL_FAST_MATH = YES;
				ONLY_ACTIVE_ARCH = YES;
				SDKROOT = iphoneos;
			};
			name = Debug;
		};
		143FB295231E665A00C22FCF /* Release */ = {
			isa = XCBuildConfiguration;
			buildSettings = {
				ALWAYS_SEARCH_USER_PATHS = NO;
				CLANG_ANALYZER_NONNULL = YES;
				CLANG_ANALYZER_NUMBER_OBJECT_CONVERSION = YES_AGGRESSIVE;
				CLANG_CXX_LANGUAGE_STANDARD = "gnu++14";
				CLANG_CXX_LIBRARY = "libc++";
				CLANG_ENABLE_MODULES = YES;
				CLANG_ENABLE_OBJC_ARC = YES;
				CLANG_ENABLE_OBJC_WEAK = YES;
				CLANG_WARN_BLOCK_CAPTURE_AUTORELEASING = YES;
				CLANG_WARN_BOOL_CONVERSION = YES;
				CLANG_WARN_COMMA = YES;
				CLANG_WARN_CONSTANT_CONVERSION = YES;
				CLANG_WARN_DEPRECATED_OBJC_IMPLEMENTATIONS = YES;
				CLANG_WARN_DIRECT_OBJC_ISA_USAGE = YES_ERROR;
				CLANG_WARN_DOCUMENTATION_COMMENTS = YES;
				CLANG_WARN_EMPTY_BODY = YES;
				CLANG_WARN_ENUM_CONVERSION = YES;
				CLANG_WARN_INFINITE_RECURSION = YES;
				CLANG_WARN_INT_CONVERSION = YES;
				CLANG_WARN_NON_LITERAL_NULL_CONVERSION = YES;
				CLANG_WARN_OBJC_IMPLICIT_RETAIN_SELF = YES;
				CLANG_WARN_OBJC_LITERAL_CONVERSION = YES;
				CLANG_WARN_OBJC_ROOT_CLASS = YES_ERROR;
				CLANG_WARN_RANGE_LOOP_ANALYSIS = YES;
				CLANG_WARN_STRICT_PROTOTYPES = YES;
				CLANG_WARN_SUSPICIOUS_MOVE = YES;
				CLANG_WARN_UNGUARDED_AVAILABILITY = YES_AGGRESSIVE;
				CLANG_WARN_UNREACHABLE_CODE = YES;
				CLANG_WARN__DUPLICATE_METHOD_MATCH = YES;
				CODE_SIGN_IDENTITY = "iPhone Developer";
				COPY_PHASE_STRIP = NO;
				DEBUG_INFORMATION_FORMAT = "dwarf-with-dsym";
				ENABLE_NS_ASSERTIONS = NO;
				ENABLE_STRICT_OBJC_MSGSEND = YES;
				GCC_C_LANGUAGE_STANDARD = gnu11;
				GCC_NO_COMMON_BLOCKS = YES;
				GCC_WARN_64_TO_32_BIT_CONVERSION = YES;
				GCC_WARN_ABOUT_RETURN_TYPE = YES_ERROR;
				GCC_WARN_UNDECLARED_SELECTOR = YES;
				GCC_WARN_UNINITIALIZED_AUTOS = YES_AGGRESSIVE;
				GCC_WARN_UNUSED_FUNCTION = YES;
				GCC_WARN_UNUSED_VARIABLE = YES;
				IPHONEOS_DEPLOYMENT_TARGET = 12.1;
				MTL_ENABLE_DEBUG_INFO = NO;
				MTL_FAST_MATH = YES;
				SDKROOT = iphoneos;
				VALIDATE_PRODUCT = YES;
			};
			name = Release;
		};
		143FB297231E665A00C22FCF /* Debug */ = {
			isa = XCBuildConfiguration;
			buildSettings = {
				ASSETCATALOG_COMPILER_APPICON_NAME = AppIcon;
				CODE_SIGN_ENTITLEMENTS = siruiShortcut/siruiShortcut.entitlements;
				CODE_SIGN_STYLE = Manual;
				DEVELOPMENT_TEAM = UM24Q5JH6X;
				INFOPLIST_FILE = siruiShortcut/Info.plist;
				LD_RUNPATH_SEARCH_PATHS = (
					"$(inherited)",
					"@executable_path/Frameworks",
				);
				PRODUCT_BUNDLE_IDENTIFIER = com.360gobuylight.LETTIN123;
				PRODUCT_NAME = "$(TARGET_NAME)";
				PROVISIONING_PROFILE_SPECIFIER = lettin123siridev0802;
				TARGETED_DEVICE_FAMILY = "1,2";
			};
			name = Debug;
		};
		143FB298231E665A00C22FCF /* Release */ = {
			isa = XCBuildConfiguration;
			buildSettings = {
				ASSETCATALOG_COMPILER_APPICON_NAME = AppIcon;
				CODE_SIGN_ENTITLEMENTS = siruiShortcut/siruiShortcut.entitlements;
				CODE_SIGN_IDENTITY = "iPhone Distribution";
				CODE_SIGN_STYLE = Manual;
				DEVELOPMENT_TEAM = UM24Q5JH6X;
				INFOPLIST_FILE = siruiShortcut/Info.plist;
				LD_RUNPATH_SEARCH_PATHS = (
					"$(inherited)",
					"@executable_path/Frameworks",
				);
				PRODUCT_BUNDLE_IDENTIFIER = com.360gobuylight.LETTIN123;
				PRODUCT_NAME = "$(TARGET_NAME)";
				PROVISIONING_PROFILE_SPECIFIER = lettin123sirihoc0802;
				TARGETED_DEVICE_FAMILY = "1,2";
			};
			name = Release;
		};
/* End XCBuildConfiguration section */

/* Begin XCConfigurationList section */
		143FB27B231E665900C22FCF /* Build configuration list for PBXProject "siruiShortcut" */ = {
			isa = XCConfigurationList;
			buildConfigurations = (
				143FB294231E665A00C22FCF /* Debug */,
				143FB295231E665A00C22FCF /* Release */,
			);
			defaultConfigurationIsVisible = 0;
			defaultConfigurationName = Release;
		};
		143FB296231E665A00C22FCF /* Build configuration list for PBXNativeTarget "siruiShortcut" */ = {
			isa = XCConfigurationList;
			buildConfigurations = (
				143FB297231E665A00C22FCF /* Debug */,
				143FB298231E665A00C22FCF /* Release */,
			);
			defaultConfigurationIsVisible = 0;
			defaultConfigurationName = Release;
		};
/* End XCConfigurationList section */
	};
	rootObject = 143FB278231E665900C22FCF /* Project object */;
}
